
Microsoft Visual Studio Solution File, Format Version 12.00
# Visual Studio 15
VisualStudioVersion = 15.0.28307.1082
MinimumVisualStudioVersion = 10.0.40219.1
Project("{FAE04EC0-301F-11D3-BF4B-00C04F79EFBC}") = "PR2_1_2_WF", "PR2_1_2_WF\PR2_1_2_WF.csproj", "{220EB001-3EC9-481F-AADF-49CDD1BA474D}"
EndProject
Global
	GlobalSection(SolutionConfigurationPlatforms) = preSolution
		Debug|Any CPU = Debug|Any CPU
		Release|Any CPU = Release|Any CPU
	EndGlobalSection
	GlobalSection(ProjectConfigurationPlatforms) = postSolution
		{220EB001-3EC9-481F-AADF-49CDD1BA474D}.Debug|Any CPU.ActiveCfg = Debug|Any CPU
		{220EB001-3EC9-481F-AADF-49CDD1BA474D}.Debug|Any CPU.Build.0 = Debug|Any CPU
		{220EB001-3EC9-481F-AADF-49CDD1BA474D}.Release|Any CPU.ActiveCfg = Release|Any CPU
		{220EB001-3EC9-481F-AADF-49CDD1BA474D}.Release|Any CPU.Build.0 = Release|Any CPU
	EndGlobalSection
	GlobalSection(SolutionProperties) = preSolution
		HideSolutionNode = FALSE
	EndGlobalSection
	GlobalSection(ExtensibilityGlobals) = postSolution
		SolutionGuid = {C9F3CEBB-BC06-49B6-8533-C753D505B0FF}
	EndGlobalSection
EndGlobal
